<?xml version="1.0" encoding="UTF-8" standalone="yes" ?>
<CodeBlocks_project_file>
	<FileVersion major="1" minor="6" />
	<Project>
		<Option title="Shape0915" />
		<Option pch_mode="2" />
		<Option compiler="gcc" />
		<Build>
			<Target title="Release">
				<Option output="bin/Release/Shape0915" prefix_auto="1" extension_auto="1" />
				<Option object_output="obj/Release/" />
				<Option type="1" />
				<Option compiler="gcc" />
				<Compiler>
					<Add option="-O2" />
				</Compiler>
				<Linker>
					<Add option="-s" />
					<Add library="cppunitlite\cppunitlite.a" />
				</Linker>
			</Target>
		</Build>
		<Compiler>
			<Add option="-Wall" />
			<Add option="-fexceptions" />
		</Compiler>
		<Linker>
			<Add library="cppunitlite\cppunitlite.a" />
		</Linker>
		<Unit filename="AreaVisitor.cpp">
			<Option target="&lt;{~None~}&gt;" />
		</Unit>
		<Unit filename="AreaVisitor.h">
			<Option target="&lt;{~None~}&gt;" />
		</Unit>
		<Unit filename="BoundingBox.cpp">
			<Option target="&lt;{~None~}&gt;" />
		</Unit>
		<Unit filename="BoundingBox.h">
			<Option target="&lt;{~None~}&gt;" />
		</Unit>
		<Unit filename="Circle.cpp" />
		<Unit filename="Circle.h" />
		<Unit filename="CompositeGraphics.cpp">
			<Option target="&lt;{~None~}&gt;" />
		</Unit>
		<Unit filename="CompositeGraphics.h">
			<Option target="&lt;{~None~}&gt;" />
		</Unit>
		<Unit filename="DescriptionVisitor.cpp">
			<Option target="&lt;{~None~}&gt;" />
		</Unit>
		<Unit filename="DescriptionVisitor.h">
			<Option target="&lt;{~None~}&gt;" />
		</Unit>
		<Unit filename="Graphics.cpp" />
		<Unit filename="Graphics.h">
			<Option target="&lt;{~None~}&gt;" />
		</Unit>
		<Unit filename="GraphicsFactory.cpp">
			<Option target="&lt;{~None~}&gt;" />
		</Unit>
		<Unit filename="GraphicsFactory.h">
			<Option target="&lt;{~None~}&gt;" />
		</Unit>
		<Unit filename="GraphicsVisitor.h">
			<Option target="&lt;{~None~}&gt;" />
		</Unit>
		<Unit filename="Rectangle.cpp" />
		<Unit filename="Rectangle.h" />
		<Unit filename="Shape.cpp" />
		<Unit filename="Shape.h" />
		<Unit filename="SimpleGraphics.cpp">
			<Option target="&lt;{~None~}&gt;" />
		</Unit>
		<Unit filename="SimpleGraphics.h">
			<Option target="&lt;{~None~}&gt;" />
		</Unit>
		<Unit filename="Square.cpp" />
		<Unit filename="Square.h" />
		<Unit filename="main.cpp" />
		<Unit filename="utHW3.h">
			<Option target="&lt;{~None~}&gt;" />
		</Unit>
		<Extensions>
			<code_completion />
			<envvars />
			<debugger />
			<lib_finder disable_auto="1" />
		</Extensions>
	</Project>
</CodeBlocks_project_file>
